
Microsoft Visual Studio Solution File, Format Version 12.00
# Visual Studio Version 16
VisualStudioVersion = 16.0.32602.291
MinimumVisualStudioVersion = 10.0.40219.1
Project("{FAE04EC0-301F-11D3-BF4B-00C04F79EFBC}") = "Forgot-Password", "Forgot-Password\Forgot-Password.csproj", "{8E58B66C-ED9A-421A-A003-C0593D1989C0}"
EndProject
Global
	GlobalSection(SolutionConfigurationPlatforms) = preSolution
		Debug|Any CPU = Debug|Any CPU
		Release|Any CPU = Release|Any CPU
	EndGlobalSection
	GlobalSection(ProjectConfigurationPlatforms) = postSolution
		{8E58B66C-ED9A-421A-A003-C0593D1989C0}.Debug|Any CPU.ActiveCfg = Debug|Any CPU
		{8E58B66C-ED9A-421A-A003-C0593D1989C0}.Debug|Any CPU.Build.0 = Debug|Any CPU
		{8E58B66C-ED9A-421A-A003-C0593D1989C0}.Release|Any CPU.ActiveCfg = Release|Any CPU
		{8E58B66C-ED9A-421A-A003-C0593D1989C0}.Release|Any CPU.Build.0 = Release|Any CPU
	EndGlobalSection
	GlobalSection(SolutionProperties) = preSolution
		HideSolutionNode = FALSE
	EndGlobalSection
	GlobalSection(ExtensibilityGlobals) = postSolution
		SolutionGuid = {F8097C3F-54BA-4348-BA0C-A4FFD19DD9EF}
	EndGlobalSection
EndGlobal
